// !$*UTF8*$!
{
	archiveVersion = 1;
	classes = {
	};
	objectVersion = 50;
	objects = {

/* Begin PBXBuildFile section */
		0734AC4A20AD2B76003D9D90 /* ZSXSlideCode.m in Sources */ = {isa = PBXBuildFile; fileRef = 0734AC4920AD2B76003D9D90 /* ZSXSlideCode.m */; };
		0734AC4B20AD2B76003D9D90 /* ZSXSlideCode.h in CopyFiles */ = {isa = PBXBuildFile; fileRef = 0734AC4820AD2B76003D9D90 /* ZSXSlideCode.h */; };
		0734AC9220AD2D7C003D9D90 /* UIBezierPath+DWPathUtils.m in Sources */ = {isa = PBXBuildFile; fileRef = 0734AC8920AD2D7C003D9D90 /* UIBezierPath+DWPathUtils.m */; };
		0734AC9320AD2D7C003D9D90 /* UIImage+DWImageUtils.m in Sources */ = {isa = PBXBuildFile; fileRef = 0734AC8B20AD2D7C003D9D90 /* UIImage+DWImageUtils.m */; };
		0734AC9420AD2D7C003D9D90 /* DWSlideCaptchaView.m in Sources */ = {isa = PBXBuildFile; fileRef = 0734AC9120AD2D7C003D9D90 /* DWSlideCaptchaView.m */; };
		0734AC9820AD3089003D9D90 /* ZSXSlideCodeView.m in Sources */ = {isa = PBXBuildFile; fileRef = 0734AC9720AD3089003D9D90 /* ZSXSlideCodeView.m */; };
/* End PBXBuildFile section */

/* Begin PBXCopyFilesBuildPhase section */
		0734AC4320AD2B76003D9D90 /* CopyFiles */ = {
			isa = PBXCopyFilesBuildPhase;
			buildActionMask = 2147483647;
			dstPath = "include/$(PRODUCT_NAME)";
			dstSubfolderSpec = 16;
			files = (
				0734AC4B20AD2B76003D9D90 /* ZSXSlideCode.h in CopyFiles */,
			);
			runOnlyForDeploymentPostprocessing = 0;
		};
/* End PBXCopyFilesBuildPhase section */

/* Begin PBXFileReference section */
		0734AC4520AD2B76003D9D90 /* libZSXSlideCode.a */ = {isa = PBXFileReference; explicitFileType = archive.ar; includeInIndex = 0; path = libZSXSlideCode.a; sourceTree = BUILT_PRODUCTS_DIR; };
		0734AC4820AD2B76003D9D90 /* ZSXSlideCode.h */ = {isa = PBXFileReference; lastKnownFileType = sourcecode.c.h; path = ZSXSlideCode.h; sourceTree = "<group>"; };
		0734AC4920AD2B76003D9D90 /* ZSXSlideCode.m */ = {isa = PBXFileReference; lastKnownFileType = sourcecode.c.objc; path = ZSXSlideCode.m; sourceTree = "<group>"; };
		0734AC8920AD2D7C003D9D90 /* UIBezierPath+DWPathUtils.m */ = {isa = PBXFileReference; fileEncoding = 4; lastKnownFileType = sourcecode.c.objc; path = "UIBezierPath+DWPathUtils.m"; sourceTree = "<group>"; };
		0734AC8B20AD2D7C003D9D90 /* UIImage+DWImageUtils.m */ = {isa = PBXFileReference; fileEncoding = 4; lastKnownFileType = sourcecode.c.objc; path = "UIImage+DWImageUtils.m"; sourceTree = "<group>"; };
		0734AC8C20AD2D7C003D9D90 /* DWSlideCaptchaView.h */ = {isa = PBXFileReference; fileEncoding = 4; lastKnownFileType = sourcecode.c.h; path = DWSlideCaptchaView.h; sourceTree = "<group>"; };
		0734AC8E20AD2D7C003D9D90 /* DWMacro.h */ = {isa = PBXFileReference; fileEncoding = 4; lastKnownFileType = sourcecode.c.h; path = DWMacro.h; sourceTree = "<group>"; };
		0734AC8F20AD2D7C003D9D90 /* UIBezierPath+DWPathUtils.h */ = {isa = PBXFileReference; fileEncoding = 4; lastKnownFileType = sourcecode.c.h; path = "UIBezierPath+DWPathUtils.h"; sourceTree = "<group>"; };
		0734AC9020AD2D7C003D9D90 /* UIImage+DWImageUtils.h */ = {isa = PBXFileReference; fileEncoding = 4; lastKnownFileType = sourcecode.c.h; path = "UIImage+DWImageUtils.h"; sourceTree = "<group>"; };
		0734AC9120AD2D7C003D9D90 /* DWSlideCaptchaView.m */ = {isa = PBXFileReference; fileEncoding = 4; lastKnownFileType = sourcecode.c.objc; path = DWSlideCaptchaView.m; sourceTree = "<group>"; };
		0734AC9620AD3089003D9D90 /* ZSXSlideCodeView.h */ = {isa = PBXFileReference; lastKnownFileType = sourcecode.c.h; path = ZSXSlideCodeView.h; sourceTree = "<group>"; };
		0734AC9720AD3089003D9D90 /* ZSXSlideCodeView.m */ = {isa = PBXFileReference; lastKnownFileType = sourcecode.c.objc; path = ZSXSlideCodeView.m; sourceTree = "<group>"; };
/* End PBXFileReference section */

/* Begin PBXFrameworksBuildPhase section */
		0734AC4220AD2B76003D9D90 /* Frameworks */ = {
			isa = PBXFrameworksBuildPhase;
			buildActionMask = 2147483647;
			files = (
			);
			runOnlyForDeploymentPostprocessing = 0;
		};
/* End PBXFrameworksBuildPhase section */

/* Begin PBXGroup section */
		0734AC3C20AD2B76003D9D90 = {
			isa = PBXGroup;
			children = (
				0734AC4720AD2B76003D9D90 /* ZSXSlideCode */,
				0734AC4620AD2B76003D9D90 /* Products */,
			);
			sourceTree = "<group>";
		};
		0734AC4620AD2B76003D9D90 /* Products */ = {
			isa = PBXGroup;
			children = (
				0734AC4520AD2B76003D9D90 /* libZSXSlideCode.a */,
			);
			name = Products;
			sourceTree = "<group>";
		};
		0734AC4720AD2B76003D9D90 /* ZSXSlideCode */ = {
			isa = PBXGroup;
			children = (
				0734AC8E20AD2D7C003D9D90 /* DWMacro.h */,
				0734AC8F20AD2D7C003D9D90 /* UIBezierPath+DWPathUtils.h */,
				0734AC8920AD2D7C003D9D90 /* UIBezierPath+DWPathUtils.m */,
				0734AC9020AD2D7C003D9D90 /* UIImage+DWImageUtils.h */,
				0734AC8B20AD2D7C003D9D90 /* UIImage+DWImageUtils.m */,
				0734AC8C20AD2D7C003D9D90 /* DWSlideCaptchaView.h */,
				0734AC9120AD2D7C003D9D90 /* DWSlideCaptchaView.m */,
				0734AC4820AD2B76003D9D90 /* ZSXSlideCode.h */,
				0734AC4920AD2B76003D9D90 /* ZSXSlideCode.m */,
				0734AC9620AD3089003D9D90 /* ZSXSlideCodeView.h */,
				0734AC9720AD3089003D9D90 /* ZSXSlideCodeView.m */,
			);
			path = ZSXSlideCode;
			sourceTree = "<group>";
		};
/* End PBXGroup section */

/* Begin PBXNativeTarget section */
		0734AC4420AD2B76003D9D90 /* ZSXSlideCode */ = {
			isa = PBXNativeTarget;
			buildConfigurationList = 0734AC4E20AD2B76003D9D90 /* Build configuration list for PBXNativeTarget "ZSXSlideCode" */;
			buildPhases = (
				0734AC4120AD2B76003D9D90 /* Sources */,
				0734AC4220AD2B76003D9D90 /* Frameworks */,
				0734AC4320AD2B76003D9D90 /* CopyFiles */,
			);
			buildRules = (
			);
			dependencies = (
			);
			name = ZSXSlideCode;
			productName = ZSXSlideCode;
			productReference = 0734AC4520AD2B76003D9D90 /* libZSXSlideCode.a */;
			productType = "com.apple.product-type.library.static";
		};
/* End PBXNativeTarget section */

/* Begin PBXProject section */
		0734AC3D20AD2B76003D9D90 /* Project object */ = {
			isa = PBXProject;
			attributes = {
				LastUpgradeCheck = 0930;
				ORGANIZATIONNAME = "yh-zsx";
				TargetAttributes = {
					0734AC4420AD2B76003D9D90 = {
						CreatedOnToolsVersion = 9.3;
					};
				};
			};
			buildConfigurationList = 0734AC4020AD2B76003D9D90 /* Build configuration list for PBXProject "ZSXSlideCode" */;
			compatibilityVersion = "Xcode 9.3";
			developmentRegion = en;
			hasScannedForEncodings = 0;
			knownRegions = (
				en,
			);
			mainGroup = 0734AC3C20AD2B76003D9D90;
			productRefGroup = 0734AC4620AD2B76003D9D90 /* Products */;
			projectDirPath = "";
			projectRoot = "";
			targets = (
				0734AC4420AD2B76003D9D90 /* ZSXSlideCode */,
			);
		};
/* End PBXProject section */

/* Begin PBXSourcesBuildPhase section */
		0734AC4120AD2B76003D9D90 /* Sources */ = {
			isa = PBXSourcesBuildPhase;
			buildActionMask = 2147483647;
			files = (
				0734AC9820AD3089003D9D90 /* ZSXSlideCodeView.m in Sources */,
				0734AC4A20AD2B76003D9D90 /* ZSXSlideCode.m in Sources */,
				0734AC9220AD2D7C003D9D90 /* UIBezierPath+DWPathUtils.m in Sources */,
				0734AC9420AD2D7C003D9D90 /* DWSlideCaptchaView.m in Sources */,
				0734AC9320AD2D7C003D9D90 /* UIImage+DWImageUtils.m in Sources */,
			);
			runOnlyForDeploymentPostprocessing = 0;
		};
/* End PBXSourcesBuildPhase section */

/* Begin XCBuildConfiguration section */
		0734AC4C20AD2B76003D9D90 /* Debug */ = {
			isa = XCBuildConfiguration;
			buildSettings = {
				ALWAYS_SEARCH_USER_PATHS = NO;
				CLANG_ANALYZER_NONNULL = YES;
				CLANG_ANALYZER_NUMBER_OBJECT_CONVERSION = YES_AGGRESSIVE;
				CLANG_CXX_LANGUAGE_STANDARD = "gnu++14";
				CLANG_CXX_LIBRARY = "libc++";
				CLANG_ENABLE_MODULES = YES;
				CLANG_ENABLE_OBJC_ARC = YES;
				CLANG_ENABLE_OBJC_WEAK = YES;
				CLANG_WARN_BLOCK_CAPTURE_AUTORELEASING = YES;
				CLANG_WARN_BOOL_CONVERSION = YES;
				CLANG_WARN_COMMA = YES;
				CLANG_WARN_CONSTANT_CONVERSION = YES;
				CLANG_WARN_DEPRECATED_OBJC_IMPLEMENTATIONS = YES;
				CLANG_WARN_DIRECT_OBJC_ISA_USAGE = YES_ERROR;
				CLANG_WARN_DOCUMENTATION_COMMENTS = YES;
				CLANG_WARN_EMPTY_BODY = YES;
				CLANG_WARN_ENUM_CONVERSION = YES;
				CLANG_WARN_INFINITE_RECURSION = YES;
				CLANG_WARN_INT_CONVERSION = YES;
				CLANG_WARN_NON_LITERAL_NULL_CONVERSION = YES;
				CLANG_WARN_OBJC_IMPLICIT_RETAIN_SELF = YES;
				CLANG_WARN_OBJC_LITERAL_CONVERSION = YES;
				CLANG_WARN_OBJC_ROOT_CLASS = YES_ERROR;
				CLANG_WARN_RANGE_LOOP_ANALYSIS = YES;
				CLANG_WARN_STRICT_PROTOTYPES = YES;
				CLANG_WARN_SUSPICIOUS_MOVE = YES;
				CLANG_WARN_UNGUARDED_AVAILABILITY = YES_AGGRESSIVE;
				CLANG_WARN_UNREACHABLE_CODE = YES;
				CLANG_WARN__DUPLICATE_METHOD_MATCH = YES;
				CODE_SIGN_IDENTITY = "iPhone Developer";
				COPY_PHASE_STRIP = NO;
				DEBUG_INFORMATION_FORMAT = dwarf;
				ENABLE_STRICT_OBJC_MSGSEND = YES;
				ENABLE_TESTABILITY = YES;
				GCC_C_LANGUAGE_STANDARD = gnu11;
				GCC_DYNAMIC_NO_PIC = NO;
				GCC_NO_COMMON_BLOCKS = YES;
				GCC_OPTIMIZATION_LEVEL = 0;
				GCC_PREPROCESSOR_DEFINITIONS = (
					"DEBUG=1",
					"$(inherited)",
				);
				GCC_WARN_64_TO_32_BIT_CONVERSION = YES;
				GCC_WARN_ABOUT_RETURN_TYPE = YES_ERROR;
				GCC_WARN_UNDECLARED_SELECTOR = YES;
				GCC_WARN_UNINITIALIZED_AUTOS = YES_AGGRESSIVE;
				GCC_WARN_UNUSED_FUNCTION = YES;
				GCC_WARN_UNUSED_VARIABLE = YES;
				HEADER_SEARCH_PATHS = (
					"$(SRCROOT)/../../react-native/React/**",
					"$(PROJECT_DIR)/SlideCode",
					"$(PROJECT_DIR)",
				);
				IPHONEOS_DEPLOYMENT_TARGET = 8.0;
				MTL_ENABLE_DEBUG_INFO = YES;
				ONLY_ACTIVE_ARCH = YES;
				SDKROOT = iphoneos;
			};
			name = Debug;
		};
		0734AC4D20AD2B76003D9D90 /* Release */ = {
			isa = XCBuildConfiguration;
			buildSettings = {
				ALWAYS_SEARCH_USER_PATHS = NO;
				CLANG_ANALYZER_NONNULL = YES;
				CLANG_ANALYZER_NUMBER_OBJECT_CONVERSION = YES_AGGRESSIVE;
				CLANG_CXX_LANGUAGE_STANDARD = "gnu++14";
				CLANG_CXX_LIBRARY = "libc++";
				CLANG_ENABLE_MODULES = YES;
				CLANG_ENABLE_OBJC_ARC = YES;
				CLANG_ENABLE_OBJC_WEAK = YES;
				CLANG_WARN_BLOCK_CAPTURE_AUTORELEASING = YES;
				CLANG_WARN_BOOL_CONVERSION = YES;
				CLANG_WARN_COMMA = YES;
				CLANG_WARN_CONSTANT_CONVERSION = YES;
				CLANG_WARN_DEPRECATED_OBJC_IMPLEMENTATIONS = YES;
				CLANG_WARN_DIRECT_OBJC_ISA_USAGE = YES_ERROR;
				CLANG_WARN_DOCUMENTATION_COMMENTS = YES;
				CLANG_WARN_EMPTY_BODY = YES;
				CLANG_WARN_ENUM_CONVERSION = YES;
				CLANG_WARN_INFINITE_RECURSION = YES;
				CLANG_WARN_INT_CONVERSION = YES;
				CLANG_WARN_NON_LITERAL_NULL_CONVERSION = YES;
				CLANG_WARN_OBJC_IMPLICIT_RETAIN_SELF = YES;
				CLANG_WARN_OBJC_LITERAL_CONVERSION = YES;
				CLANG_WARN_OBJC_ROOT_CLASS = YES_ERROR;
				CLANG_WARN_RANGE_LOOP_ANALYSIS = YES;
				CLANG_WARN_STRICT_PROTOTYPES = YES;
				CLANG_WARN_SUSPICIOUS_MOVE = YES;
				CLANG_WARN_UNGUARDED_AVAILABILITY = YES_AGGRESSIVE;
				CLANG_WARN_UNREACHABLE_CODE = YES;
				CLANG_WARN__DUPLICATE_METHOD_MATCH = YES;
				CODE_SIGN_IDENTITY = "iPhone Developer";
				COPY_PHASE_STRIP = NO;
				DEBUG_INFORMATION_FORMAT = "dwarf-with-dsym";
				ENABLE_NS_ASSERTIONS = NO;
				ENABLE_STRICT_OBJC_MSGSEND = YES;
				GCC_C_LANGUAGE_STANDARD = gnu11;
				GCC_NO_COMMON_BLOCKS = YES;
				GCC_WARN_64_TO_32_BIT_CONVERSION = YES;
				GCC_WARN_ABOUT_RETURN_TYPE = YES_ERROR;
				GCC_WARN_UNDECLARED_SELECTOR = YES;
				GCC_WARN_UNINITIALIZED_AUTOS = YES_AGGRESSIVE;
				GCC_WARN_UNUSED_FUNCTION = YES;
				GCC_WARN_UNUSED_VARIABLE = YES;
				HEADER_SEARCH_PATHS = (
					"$(SRCROOT)/../../react-native/React/**",
					"$(PROJECT_DIR)/SlideCode",
					"$(PROJECT_DIR)",
				);
				IPHONEOS_DEPLOYMENT_TARGET = 8.0;
				MTL_ENABLE_DEBUG_INFO = NO;
				SDKROOT = iphoneos;
				VALIDATE_PRODUCT = YES;
			};
			name = Release;
		};
		0734AC4F20AD2B76003D9D90 /* Debug */ = {
			isa = XCBuildConfiguration;
			buildSettings = {
				CODE_SIGN_STYLE = Automatic;
				IPHONEOS_DEPLOYMENT_TARGET = 8.0;
				OTHER_LDFLAGS = "-ObjC";
				PRODUCT_NAME = "$(TARGET_NAME)";
				SKIP_INSTALL = YES;
				TARGETED_DEVICE_FAMILY = "1,2";
			};
			name = Debug;
		};
		0734AC5020AD2B76003D9D90 /* Release */ = {
			isa = XCBuildConfiguration;
			buildSettings = {
				CODE_SIGN_STYLE = Automatic;
				IPHONEOS_DEPLOYMENT_TARGET = 8.0;
				OTHER_LDFLAGS = "-ObjC";
				PRODUCT_NAME = "$(TARGET_NAME)";
				SKIP_INSTALL = YES;
				TARGETED_DEVICE_FAMILY = "1,2";
			};
			name = Release;
		};
/* End XCBuildConfiguration section */

/* Begin XCConfigurationList section */
		0734AC4020AD2B76003D9D90 /* Build configuration list for PBXProject "ZSXSlideCode" */ = {
			isa = XCConfigurationList;
			buildConfigurations = (
				0734AC4C20AD2B76003D9D90 /* Debug */,
				0734AC4D20AD2B76003D9D90 /* Release */,
			);
			defaultConfigurationIsVisible = 0;
			defaultConfigurationName = Release;
		};
		0734AC4E20AD2B76003D9D90 /* Build configuration list for PBXNativeTarget "ZSXSlideCode" */ = {
			isa = XCConfigurationList;
			buildConfigurations = (
				0734AC4F20AD2B76003D9D90 /* Debug */,
				0734AC5020AD2B76003D9D90 /* Release */,
			);
			defaultConfigurationIsVisible = 0;
			defaultConfigurationName = Release;
		};
/* End XCConfigurationList section */
	};
	rootObject = 0734AC3D20AD2B76003D9D90 /* Project object */;
}
